PODS:
  - AppCenter (4.4.2):
    - AppCenter/Analytics (= 4.4.2)
    - AppCenter/Crashes (= 4.4.2)
  - AppCenter/Analytics (4.4.2):
    - AppCenter/Core
  - AppCenter/Core (4.4.2)
  - AppCenter/Crashes (4.4.2):
    - AppCenter/Core
  - CocoaAsyncSocket (7.6.5)
  - LookinShared/Wireless (1.2.8):
    - CocoaAsyncSocket
  - ReactiveObjC (3.1.0)
  - Sparkle (1.27.1)

DEPENDENCIES:
  - AppCenter
  - LookinShared/Wireless (from `https://github.com/nova286/LookinServer.git`, commit `01460f6d6b857893afde77f7bbe2ca7adb70c012`)
  - ReactiveObjC (= 3.1.0)
  - Sparkle (~> 1.0)

SPEC REPOS:
  trunk:
    - AppCenter
    - CocoaAsyncSocket
    - ReactiveObjC
    - Sparkle

EXTERNAL SOURCES:
  LookinShared:
    :commit: 01460f6d6b857893afde77f7bbe2ca7adb70c012
    :git: https://github.com/nova286/LookinServer.git

CHECKOUT OPTIONS:
  LookinShared:
    :commit: 01460f6d6b857893afde77f7bbe2ca7adb70c012
    :git: https://github.com/nova286/LookinServer.git

SPEC CHECKSUMS:
  AppCenter: b0eca112a27b71e97488ffa1949ee38c7abd4b79
  CocoaAsyncSocket: 065fd1e645c7abab64f7a6a2007a48038fdc6a99
  LookinShared: 5817ca9a7d7e961026f690eadd4ebd9bf293db00
  ReactiveObjC: 2a38ea15335de4119d8b17caf1db1484f61db902
  Sparkle: 23f98b268284c8c03e6228230fc8f1807ef041d5

PODFILE CHECKSUM: 435182e61e9172a68a6c9d3b888128cd9bd2bb7c

COCOAPODS: 1.17.0
