PODS:
  - AppCenter (4.4.2):
    - AppCenter/Analytics (= 4.4.2)
    - AppCenter/Crashes (= 4.4.2)
  - AppCenter/Analytics (4.4.2):
    - AppCenter/Core
  - AppCenter/Core (4.4.2)
  - AppCenter/Crashes (4.4.2):
    - AppCenter/Core
  - LookinShared (1.2.8)
  - ReactiveObjC (3.1.0)
  - Sparkle (1.27.1)

DEPENDENCIES:
  - AppCenter
  - LookinShared (from `https://github.com/nova286/LookinServer.git`, commit `4904f46636815041cd151f8ecd96cc99bd380501`)
  - ReactiveObjC (= 3.1.0)
  - Sparkle (~> 1.0)

SPEC REPOS:
  trunk:
    - AppCenter
    - ReactiveObjC
    - Sparkle

EXTERNAL SOURCES:
  LookinShared:
    :commit: 4904f46636815041cd151f8ecd96cc99bd380501
    :git: https://github.com/nova286/LookinServer.git

CHECKOUT OPTIONS:
  LookinShared:
    :commit: 4904f46636815041cd151f8ecd96cc99bd380501
    :git: https://github.com/nova286/LookinServer.git

SPEC CHECKSUMS:
  AppCenter: b0eca112a27b71e97488ffa1949ee38c7abd4b79
  LookinShared: e5ca2b2b0758a1caafffc29cc12764ff92fb419b
  ReactiveObjC: 2a38ea15335de4119d8b17caf1db1484f61db902
  Sparkle: 23f98b268284c8c03e6228230fc8f1807ef041d5

PODFILE CHECKSUM: f07740b6dba4b52e526ac72d6343871e064e8293

COCOAPODS: 1.17.0
