PODS:
  - AppCenter (4.4.2):
    - AppCenter/Analytics (= 4.4.2)
    - AppCenter/Crashes (= 4.4.2)
  - AppCenter/Analytics (4.4.2):
    - AppCenter/Core
  - AppCenter/Core (4.4.2)
  - AppCenter/Crashes (4.4.2):
    - AppCenter/Core
  - LookinShared (1.2.8)
  - ReactiveObjC (3.1.0)
  - Sparkle (1.27.1)

DEPENDENCIES:
  - AppCenter
  - LookinShared (from `https://github.com/nova286/LookinServer.git`, commit `c681093cb695a2664e1205dde2f31f71f049f230`)
  - ReactiveObjC (= 3.1.0)
  - Sparkle (~> 1.0)

SPEC REPOS:
  trunk:
    - AppCenter
    - ReactiveObjC
    - Sparkle

EXTERNAL SOURCES:
  LookinShared:
    :commit: c681093cb695a2664e1205dde2f31f71f049f230
    :git: https://github.com/nova286/LookinServer.git

CHECKOUT OPTIONS:
  LookinShared:
    :commit: c681093cb695a2664e1205dde2f31f71f049f230
    :git: https://github.com/nova286/LookinServer.git

SPEC CHECKSUMS:
  AppCenter: b0eca112a27b71e97488ffa1949ee38c7abd4b79
  LookinShared: e5ca2b2b0758a1caafffc29cc12764ff92fb419b
  ReactiveObjC: 2a38ea15335de4119d8b17caf1db1484f61db902
  Sparkle: 23f98b268284c8c03e6228230fc8f1807ef041d5

PODFILE CHECKSUM: 10444fdb47d87eb25d74b74f96f8b88a819db464

COCOAPODS: 1.13.0
